// !$*UTF8*$!
{
	archiveVersion = 1;
	classes = {
	};
	objectVersion = 46;
	objects = {

/* Begin PBXBuildFile section */
		9B5587F91C182E4B0079AE91 /* AppDelegate.swift in Sources */ = {isa = PBXBuildFile; fileRef = 9B5587F81C182E4B0079AE91 /* AppDelegate.swift */; };
		9B5587FB1C182E4B0079AE91 /* ViewController.swift in Sources */ = {isa = PBXBuildFile; fileRef = 9B5587FA1C182E4B0079AE91 /* ViewController.swift */; };
		9B5587FE1C182E4B0079AE91 /* Main.storyboard in Resources */ = {isa = PBXBuildFile; fileRef = 9B5587FC1C182E4B0079AE91 /* Main.storyboard */; };
		9B5588011C182E4B0079AE91 /* mydelegatetext.xcdatamodeld in Sources */ = {isa = PBXBuildFile; fileRef = 9B5587FF1C182E4B0079AE91 /* mydelegatetext.xcdatamodeld */; };
		9B5588031C182E4B0079AE91 /* Assets.xcassets in Resources */ = {isa = PBXBuildFile; fileRef = 9B5588021C182E4B0079AE91 /* Assets.xcassets */; };
		9B5588061C182E4B0079AE91 /* LaunchScreen.storyboard in Resources */ = {isa = PBXBuildFile; fileRef = 9B5588041C182E4B0079AE91 /* LaunchScreen.storyboard */; };
		9B55880E1C182E740079AE91 /* IMyDelegate.swift in Sources */ = {isa = PBXBuildFile; fileRef = 9B55880D1C182E740079AE91 /* IMyDelegate.swift */; };
		9B5588101C182EEE0079AE91 /* MyTabbar.swift in Sources */ = {isa = PBXBuildFile; fileRef = 9B55880F1C182EEE0079AE91 /* MyTabbar.swift */; };
/* End PBXBuildFile section */

/* Begin PBXFileReference section */
		9B5587F51C182E4B0079AE91 /* mydelegatetext.app */ = {isa = PBXFileReference; explicitFileType = wrapper.application; includeInIndex = 0; path = mydelegatetext.app; sourceTree = BUILT_PRODUCTS_DIR; };
		9B5587F81C182E4B0079AE91 /* AppDelegate.swift */ = {isa = PBXFileReference; lastKnownFileType = sourcecode.swift; path = AppDelegate.swift; sourceTree = "<group>"; };
		9B5587FA1C182E4B0079AE91 /* ViewController.swift */ = {isa = PBXFileReference; lastKnownFileType = sourcecode.swift; path = ViewController.swift; sourceTree = "<group>"; };
		9B5587FD1C182E4B0079AE91 /* Base */ = {isa = PBXFileReference; lastKnownFileType = file.storyboard; name = Base; path = Base.lproj/Main.storyboard; sourceTree = "<group>"; };
		9B5588001C182E4B0079AE91 /* mydelegatetext.xcdatamodel */ = {isa = PBXFileReference; lastKnownFileType = wrapper.xcdatamodel; path = mydelegatetext.xcdatamodel; sourceTree = "<group>"; };
		9B5588021C182E4B0079AE91 /* Assets.xcassets */ = {isa = PBXFileReference; lastKnownFileType = folder.assetcatalog; path = Assets.xcassets; sourceTree = "<group>"; };
		9B5588051C182E4B0079AE91 /* Base */ = {isa = PBXFileReference; lastKnownFileType = file.storyboard; name = Base; path = Base.lproj/LaunchScreen.storyboard; sourceTree = "<group>"; };
		9B5588071C182E4C0079AE91 /* Info.plist */ = {isa = PBXFileReference; lastKnownFileType = text.plist.xml; path = Info.plist; sourceTree = "<group>"; };
		9B55880D1C182E740079AE91 /* IMyDelegate.swift */ = {isa = PBXFileReference; fileEncoding = 4; lastKnownFileType = sourcecode.swift; path = IMyDelegate.swift; sourceTree = "<group>"; };
		9B55880F1C182EEE0079AE91 /* MyTabbar.swift */ = {isa = PBXFileReference; fileEncoding = 4; lastKnownFileType = sourcecode.swift; path = MyTabbar.swift; sourceTree = "<group>"; };
/* End PBXFileReference section */

/* Begin PBXFrameworksBuildPhase section */
		9B5587F21C182E4B0079AE91 /* Frameworks */ = {
			isa = PBXFrameworksBuildPhase;
			buildActionMask = 2147483647;
			files = (
			);
			runOnlyForDeploymentPostprocessing = 0;
		};
/* End PBXFrameworksBuildPhase section */

/* Begin PBXGroup section */
		9B5587EC1C182E4B0079AE91 = {
			isa = PBXGroup;
			children = (
				9B5587F71C182E4B0079AE91 /* mydelegatetext */,
				9B5587F61C182E4B0079AE91 /* Products */,
			);
			sourceTree = "<group>";
		};
		9B5587F61C182E4B0079AE91 /* Products */ = {
			isa = PBXGroup;
			children = (
				9B5587F51C182E4B0079AE91 /* mydelegatetext.app */,
			);
			name = Products;
			sourceTree = "<group>";
		};
		9B5587F71C182E4B0079AE91 /* mydelegatetext */ = {
			isa = PBXGroup;
			children = (
				9B5587F81C182E4B0079AE91 /* AppDelegate.swift */,
				9B5587FA1C182E4B0079AE91 /* ViewController.swift */,
				9B55880D1C182E740079AE91 /* IMyDelegate.swift */,
				9B55880F1C182EEE0079AE91 /* MyTabbar.swift */,
				9B5587FC1C182E4B0079AE91 /* Main.storyboard */,
				9B5588021C182E4B0079AE91 /* Assets.xcassets */,
				9B5588041C182E4B0079AE91 /* LaunchScreen.storyboard */,
				9B5588071C182E4C0079AE91 /* Info.plist */,
				9B5587FF1C182E4B0079AE91 /* mydelegatetext.xcdatamodeld */,
			);
			path = mydelegatetext;
			sourceTree = "<group>";
		};
/* End PBXGroup section */

/* Begin PBXNativeTarget section */
		9B5587F41C182E4B0079AE91 /* mydelegatetext */ = {
			isa = PBXNativeTarget;
			buildConfigurationList = 9B55880A1C182E4C0079AE91 /* Build configuration list for PBXNativeTarget "mydelegatetext" */;
			buildPhases = (
				9B5587F11C182E4B0079AE91 /* Sources */,
				9B5587F21C182E4B0079AE91 /* Frameworks */,
				9B5587F31C182E4B0079AE91 /* Resources */,
			);
			buildRules = (
			);
			dependencies = (
			);
			name = mydelegatetext;
			productName = mydelegatetext;
			productReference = 9B5587F51C182E4B0079AE91 /* mydelegatetext.app */;
			productType = "com.apple.product-type.application";
		};
/* End PBXNativeTarget section */

/* Begin PBXProject section */
		9B5587ED1C182E4B0079AE91 /* Project object */ = {
			isa = PBXProject;
			attributes = {
				LastSwiftUpdateCheck = 0710;
				LastUpgradeCheck = 0710;
				ORGANIZATIONNAME = " yanglc";
				TargetAttributes = {
					9B5587F41C182E4B0079AE91 = {
						CreatedOnToolsVersion = 7.1.1;
					};
				};
			};
			buildConfigurationList = 9B5587F01C182E4B0079AE91 /* Build configuration list for PBXProject "mydelegatetext" */;
			compatibilityVersion = "Xcode 3.2";
			developmentRegion = English;
			hasScannedForEncodings = 0;
			knownRegions = (
				en,
				Base,
			);
			mainGroup = 9B5587EC1C182E4B0079AE91;
			productRefGroup = 9B5587F61C182E4B0079AE91 /* Products */;
			projectDirPath = "";
			projectRoot = "";
			targets = (
				9B5587F41C182E4B0079AE91 /* mydelegatetext */,
			);
		};
/* End PBXProject section */

/* Begin PBXResourcesBuildPhase section */
		9B5587F31C182E4B0079AE91 /* Resources */ = {
			isa = PBXResourcesBuildPhase;
			buildActionMask = 2147483647;
			files = (
				9B5588061C182E4B0079AE91 /* LaunchScreen.storyboard in Resources */,
				9B5588031C182E4B0079AE91 /* Assets.xcassets in Resources */,
				9B5587FE1C182E4B0079AE91 /* Main.storyboard in Resources */,
			);
			runOnlyForDeploymentPostprocessing = 0;
		};
/* End PBXResourcesBuildPhase section */

/* Begin PBXSourcesBuildPhase section */
		9B5587F11C182E4B0079AE91 /* Sources */ = {
			isa = PBXSourcesBuildPhase;
			buildActionMask = 2147483647;
			files = (
				9B5588011C182E4B0079AE91 /* mydelegatetext.xcdatamodeld in Sources */,
				9B5587FB1C182E4B0079AE91 /* ViewController.swift in Sources */,
				9B55880E1C182E740079AE91 /* IMyDelegate.swift in Sources */,
				9B5588101C182EEE0079AE91 /* MyTabbar.swift in Sources */,
				9B5587F91C182E4B0079AE91 /* AppDelegate.swift in Sources */,
			);
			runOnlyForDeploymentPostprocessing = 0;
		};
/* End PBXSourcesBuildPhase section */

/* Begin PBXVariantGroup section */
		9B5587FC1C182E4B0079AE91 /* Main.storyboard */ = {
			isa = PBXVariantGroup;
			children = (
				9B5587FD1C182E4B0079AE91 /* Base */,
			);
			name = Main.storyboard;
			sourceTree = "<group>";
		};
		9B5588041C182E4B0079AE91 /* LaunchScreen.storyboard */ = {
			isa = PBXVariantGroup;
			children = (
				9B5588051C182E4B0079AE91 /* Base */,
			);
			name = LaunchScreen.storyboard;
			sourceTree = "<group>";
		};
/* End PBXVariantGroup section */

/* Begin XCBuildConfiguration section */
		9B5588081C182E4C0079AE91 /* Debug */ = {
			isa = XCBuildConfiguration;
			buildSettings = {
				ALWAYS_SEARCH_USER_PATHS = NO;
				CLANG_CXX_LANGUAGE_STANDARD = "gnu++0x";
				CLANG_CXX_LIBRARY = "libc++";
				CLANG_ENABLE_MODULES = YES;
				CLANG_ENABLE_OBJC_ARC = YES;
				CLANG_WARN_BOOL_CONVERSION = YES;
				CLANG_WARN_CONSTANT_CONVERSION = YES;
				CLANG_WARN_DIRECT_OBJC_ISA_USAGE = YES_ERROR;
				CLANG_WARN_EMPTY_BODY = YES;
				CLANG_WARN_ENUM_CONVERSION = YES;
				CLANG_WARN_INT_CONVERSION = YES;
				CLANG_WARN_OBJC_ROOT_CLASS = YES_ERROR;
				CLANG_WARN_UNREACHABLE_CODE = YES;
				CLANG_WARN__DUPLICATE_METHOD_MATCH = YES;
				"CODE_SIGN_IDENTITY[sdk=iphoneos*]" = "iPhone Developer";
				COPY_PHASE_STRIP = NO;
				DEBUG_INFORMATION_FORMAT = dwarf;
				ENABLE_STRICT_OBJC_MSGSEND = YES;
				ENABLE_TESTABILITY = YES;
				GCC_C_LANGUAGE_STANDARD = gnu99;
				GCC_DYNAMIC_NO_PIC = NO;
				GCC_NO_COMMON_BLOCKS = YES;
				GCC_OPTIMIZATION_LEVEL = 0;
				GCC_PREPROCESSOR_DEFINITIONS = (
					"DEBUG=1",
					"$(inherited)",
				);
				GCC_WARN_64_TO_32_BIT_CONVERSION = YES;
				GCC_WARN_ABOUT_RETURN_TYPE = YES_ERROR;
				GCC_WARN_UNDECLARED_SELECTOR = YES;
				GCC_WARN_UNINITIALIZED_AUTOS = YES_AGGRESSIVE;
				GCC_WARN_UNUSED_FUNCTION = YES;
				GCC_WARN_UNUSED_VARIABLE = YES;
				IPHONEOS_DEPLOYMENT_TARGET = 9.1;
				MTL_ENABLE_DEBUG_INFO = YES;
				ONLY_ACTIVE_ARCH = YES;
				SDKROOT = iphoneos;
				SWIFT_OPTIMIZATION_LEVEL = "-Onone";
			};
			name = Debug;
		};
		9B5588091C182E4C0079AE91 /* Release */ = {
			isa = XCBuildConfiguration;
			buildSettings = {
				ALWAYS_SEARCH_USER_PATHS = NO;
				CLANG_CXX_LANGUAGE_STANDARD = "gnu++0x";
				CLANG_CXX_LIBRARY = "libc++";
				CLANG_ENABLE_MODULES = YES;
				CLANG_ENABLE_OBJC_ARC = YES;
				CLANG_WARN_BOOL_CONVERSION = YES;
				CLANG_WARN_CONSTANT_CONVERSION = YES;
				CLANG_WARN_DIRECT_OBJC_ISA_USAGE = YES_ERROR;
				CLANG_WARN_EMPTY_BODY = YES;
				CLANG_WARN_ENUM_CONVERSION = YES;
				CLANG_WARN_INT_CONVERSION = YES;
				CLANG_WARN_OBJC_ROOT_CLASS = YES_ERROR;
				CLANG_WARN_UNREACHABLE_CODE = YES;
				CLANG_WARN__DUPLICATE_METHOD_MATCH = YES;
				"CODE_SIGN_IDENTITY[sdk=iphoneos*]" = "iPhone Developer";
				COPY_PHASE_STRIP = NO;
				DEBUG_INFORMATION_FORMAT = "dwarf-with-dsym";
				ENABLE_NS_ASSERTIONS = NO;
				ENABLE_STRICT_OBJC_MSGSEND = YES;
				GCC_C_LANGUAGE_STANDARD = gnu99;
				GCC_NO_COMMON_BLOCKS = YES;
				GCC_WARN_64_TO_32_BIT_CONVERSION = YES;
				GCC_WARN_ABOUT_RETURN_TYPE = YES_ERROR;
				GCC_WARN_UNDECLARED_SELECTOR = YES;
				GCC_WARN_UNINITIALIZED_AUTOS = YES_AGGRESSIVE;
				GCC_WARN_UNUSED_FUNCTION = YES;
				GCC_WARN_UNUSED_VARIABLE = YES;
				IPHONEOS_DEPLOYMENT_TARGET = 9.1;
				MTL_ENABLE_DEBUG_INFO = NO;
				SDKROOT = iphoneos;
				VALIDATE_PRODUCT = YES;
			};
			name = Release;
		};
		9B55880B1C182E4C0079AE91 /* Debug */ = {
			isa = XCBuildConfiguration;
			buildSettings = {
				ASSETCATALOG_COMPILER_APPICON_NAME = AppIcon;
				INFOPLIST_FILE = mydelegatetext/Info.plist;
				LD_RUNPATH_SEARCH_PATHS = "$(inherited) @executable_path/Frameworks";
				PRODUCT_BUNDLE_IDENTIFIER = xxx.com.mydelegatetext;
				PRODUCT_NAME = "$(TARGET_NAME)";
			};
			name = Debug;
		};
		9B55880C1C182E4C0079AE91 /* Release */ = {
			isa = XCBuildConfiguration;
			buildSettings = {
				ASSETCATALOG_COMPILER_APPICON_NAME = AppIcon;
				INFOPLIST_FILE = mydelegatetext/Info.plist;
				LD_RUNPATH_SEARCH_PATHS = "$(inherited) @executable_path/Frameworks";
				PRODUCT_BUNDLE_IDENTIFIER = xxx.com.mydelegatetext;
				PRODUCT_NAME = "$(TARGET_NAME)";
			};
			name = Release;
		};
/* End XCBuildConfiguration section */

/* Begin XCConfigurationList section */
		9B5587F01C182E4B0079AE91 /* Build configuration list for PBXProject "mydelegatetext" */ = {
			isa = XCConfigurationList;
			buildConfigurations = (
				9B5588081C182E4C0079AE91 /* Debug */,
				9B5588091C182E4C0079AE91 /* Release */,
			);
			defaultConfigurationIsVisible = 0;
			defaultConfigurationName = Release;
		};
		9B55880A1C182E4C0079AE91 /* Build configuration list for PBXNativeTarget "mydelegatetext" */ = {
			isa = XCConfigurationList;
			buildConfigurations = (
				9B55880B1C182E4C0079AE91 /* Debug */,
				9B55880C1C182E4C0079AE91 /* Release */,
			);
			defaultConfigurationIsVisible = 0;
		};
/* End XCConfigurationList section */

/* Begin XCVersionGroup section */
		9B5587FF1C182E4B0079AE91 /* mydelegatetext.xcdatamodeld */ = {
			isa = XCVersionGroup;
			children = (
				9B5588001C182E4B0079AE91 /* mydelegatetext.xcdatamodel */,
			);
			currentVersion = 9B5588001C182E4B0079AE91 /* mydelegatetext.xcdatamodel */;
			path = mydelegatetext.xcdatamodeld;
			sourceTree = "<group>";
			versionGroupType = wrapper.xcdatamodel;
		};
/* End XCVersionGroup section */
	};
	rootObject = 9B5587ED1C182E4B0079AE91 /* Project object */;
}
